{
  "version": 4,
  "terraform_version": "1.0.11",
  "serial": 4,
  "lineage": "e971c802-a609-a6b9-d3a9-a3589b175609",
  "outputs": {},
  "resources": [
    {
      "module": "module.vnetNew",
      "mode": "data",
      "type": "azurerm_resource_group",
      "name": "vnet",
      "provider": "provider[\"registry.terraform.io/hashicorp/azurerm\"]",
      "instances": [
        {
          "schema_version": 0,
          "attributes": {
            "id": "/subscriptions/b473335b-e612-444d-a496-6ce2680a7f69/resourceGroups/TerraformRG",
            "location": "eastus",
            "name": "TerraformRG",
            "tags": {},
            "timeouts": null
          },
          "sensitive_attributes": []
        }
      ]
    },
    {
      "module": "module.vnetNew",
      "mode": "managed",
      "type": "azurerm_subnet",
      "name": "subnet",
      "provider": "provider[\"registry.terraform.io/hashicorp/azurerm\"]",
      "instances": [
        {
          "index_key": 0,
          "schema_version": 0,
          "attributes": {
            "address_prefix": "180.0.1.0/24",
            "address_prefixes": [
              "180.0.1.0/24"
            ],
            "delegation": [],
            "enforce_private_link_endpoint_network_policies": false,
            "enforce_private_link_service_network_policies": false,
            "id": "/subscriptions/b473335b-e612-444d-a496-6ce2680a7f69/resourceGroups/TerraformRG/providers/Microsoft.Network/virtualNetworks/acctvnet/subnets/devsubnet",
            "name": "devsubnet",
            "resource_group_name": "TerraformRG",
            "service_endpoint_policy_ids": null,
            "service_endpoints": null,
            "timeouts": null,
            "virtual_network_name": "acctvnet"
          },
          "sensitive_attributes": [],
          "private": "eyJlMmJmYjczMC1lY2FhLTExZTYtOGY4OC0zNDM2M2JjN2M0YzAiOnsiY3JlYXRlIjoxODAwMDAwMDAwMDAwLCJkZWxldGUiOjE4MDAwMDAwMDAwMDAsInJlYWQiOjMwMDAwMDAwMDAwMCwidXBkYXRlIjoxODAwMDAwMDAwMDAwfX0=",
          "dependencies": [
            "module.vnetNew.azurerm_virtual_network.vnet",
            "module.vnetNew.data.azurerm_resource_group.vnet"
          ]
        },
        {
          "index_key": 1,
          "schema_version": 0,
          "attributes": {
            "address_prefix": "180.0.2.0/24",
            "address_prefixes": [
              "180.0.2.0/24"
            ],
            "delegation": [],
            "enforce_private_link_endpoint_network_policies": false,
            "enforce_private_link_service_network_policies": false,
            "id": "/subscriptions/b473335b-e612-444d-a496-6ce2680a7f69/resourceGroups/TerraformRG/providers/Microsoft.Network/virtualNetworks/acctvnet/subnets/testsubnet",
            "name": "testsubnet",
            "resource_group_name": "TerraformRG",
            "service_endpoint_policy_ids": null,
            "service_endpoints": null,
            "timeouts": null,
            "virtual_network_name": "acctvnet"
          },
          "sensitive_attributes": [],
          "private": "eyJlMmJmYjczMC1lY2FhLTExZTYtOGY4OC0zNDM2M2JjN2M0YzAiOnsiY3JlYXRlIjoxODAwMDAwMDAwMDAwLCJkZWxldGUiOjE4MDAwMDAwMDAwMDAsInJlYWQiOjMwMDAwMDAwMDAwMCwidXBkYXRlIjoxODAwMDAwMDAwMDAwfX0=",
          "dependencies": [
            "module.vnetNew.azurerm_virtual_network.vnet",
            "module.vnetNew.data.azurerm_resource_group.vnet"
          ]
        }
      ]
    },
    {
      "module": "module.vnetNew",
      "mode": "managed",
      "type": "azurerm_virtual_network",
      "name": "vnet",
      "provider": "provider[\"registry.terraform.io/hashicorp/azurerm\"]",
      "instances": [
        {
          "schema_version": 0,
          "attributes": {
            "address_space": [
              "180.0.0.0/16"
            ],
            "bgp_community": "",
            "ddos_protection_plan": [],
            "dns_servers": [],
            "guid": "b6902d0d-eff5-4c0a-aef7-65a567cbbd2f",
            "id": "/subscriptions/b473335b-e612-444d-a496-6ce2680a7f69/resourceGroups/TerraformRG/providers/Microsoft.Network/virtualNetworks/acctvnet",
            "location": "eastus",
            "name": "acctvnet",
            "resource_group_name": "TerraformRG",
            "subnet": [],
            "tags": {
              "env": "dev",
              "team": "frontend"
            },
            "timeouts": null,
            "vm_protection_enabled": false
          },
          "sensitive_attributes": [],
          "private": "eyJlMmJmYjczMC1lY2FhLTExZTYtOGY4OC0zNDM2M2JjN2M0YzAiOnsiY3JlYXRlIjoxODAwMDAwMDAwMDAwLCJkZWxldGUiOjE4MDAwMDAwMDAwMDAsInJlYWQiOjMwMDAwMDAwMDAwMCwidXBkYXRlIjoxODAwMDAwMDAwMDAwfX0=",
          "dependencies": [
            "module.vnetNew.data.azurerm_resource_group.vnet"
          ]
        }
      ]
    }
  ]
}
